
Microsoft Visual Studio Solution File, Format Version 12.00
# Visual Studio Version 17
VisualStudioVersion = 17.9.34728.123
MinimumVisualStudioVersion = 10.0.40219.1
Project("{FAE04EC0-301F-11D3-BF4B-00C04F79EFBC}") = "WebApplication2", "WebApplication2\WebApplication2.csproj", "{FF65E1DE-C536-483A-BD17-771311E913BF}"
EndProject
Project("{FAE04EC0-301F-11D3-BF4B-00C04F79EFBC}") = "Core", "Core\Core.csproj", "{F8F61587-F112-456C-B04D-ABE54E55B4A6}"
EndProject
Project("{FAE04EC0-301F-11D3-BF4B-00C04F79EFBC}") = "Application", "Application\Application.csproj", "{16E8EE02-CC4E-43A0-8615-51C6A64D5252}"
EndProject
Global
	GlobalSection(SolutionConfigurationPlatforms) = preSolution
		Debug|Any CPU = Debug|Any CPU
		Release|Any CPU = Release|Any CPU
	EndGlobalSection
	GlobalSection(ProjectConfigurationPlatforms) = postSolution
		{FF65E1DE-C536-483A-BD17-771311E913BF}.Debug|Any CPU.ActiveCfg = Debug|Any CPU
		{FF65E1DE-C536-483A-BD17-771311E913BF}.Debug|Any CPU.Build.0 = Debug|Any CPU
		{FF65E1DE-C536-483A-BD17-771311E913BF}.Release|Any CPU.ActiveCfg = Release|Any CPU
		{FF65E1DE-C536-483A-BD17-771311E913BF}.Release|Any CPU.Build.0 = Release|Any CPU
		{F8F61587-F112-456C-B04D-ABE54E55B4A6}.Debug|Any CPU.ActiveCfg = Debug|Any CPU
		{F8F61587-F112-456C-B04D-ABE54E55B4A6}.Debug|Any CPU.Build.0 = Debug|Any CPU
		{F8F61587-F112-456C-B04D-ABE54E55B4A6}.Release|Any CPU.ActiveCfg = Release|Any CPU
		{F8F61587-F112-456C-B04D-ABE54E55B4A6}.Release|Any CPU.Build.0 = Release|Any CPU
		{16E8EE02-CC4E-43A0-8615-51C6A64D5252}.Debug|Any CPU.ActiveCfg = Debug|Any CPU
		{16E8EE02-CC4E-43A0-8615-51C6A64D5252}.Debug|Any CPU.Build.0 = Debug|Any CPU
		{16E8EE02-CC4E-43A0-8615-51C6A64D5252}.Release|Any CPU.ActiveCfg = Release|Any CPU
		{16E8EE02-CC4E-43A0-8615-51C6A64D5252}.Release|Any CPU.Build.0 = Release|Any CPU
	EndGlobalSection
	GlobalSection(SolutionProperties) = preSolution
		HideSolutionNode = FALSE
	EndGlobalSection
	GlobalSection(ExtensibilityGlobals) = postSolution
		SolutionGuid = {7858B3FB-7D3A-45DC-A5A5-68C2A9C6DE2E}
	EndGlobalSection
EndGlobal
